
Microsoft Visual Studio Solution File, Format Version 12.00
# Visual Studio Version 16
VisualStudioVersion = 16.0.31702.278
MinimumVisualStudioVersion = 10.0.40219.1
Project("{FAE04EC0-301F-11D3-BF4B-00C04F79EFBC}") = "ApiCatalogoJogos", "ApiCatalogoJogos\ApiCatalogoJogos.csproj", "{A20037EE-0DE5-4BFE-B7D5-280A5AA728CA}"
EndProject
Global
	GlobalSection(SolutionConfigurationPlatforms) = preSolution
		Debug|Any CPU = Debug|Any CPU
		Release|Any CPU = Release|Any CPU
	EndGlobalSection
	GlobalSection(ProjectConfigurationPlatforms) = postSolution
		{A20037EE-0DE5-4BFE-B7D5-280A5AA728CA}.Debug|Any CPU.ActiveCfg = Debug|Any CPU
		{A20037EE-0DE5-4BFE-B7D5-280A5AA728CA}.Debug|Any CPU.Build.0 = Debug|Any CPU
		{A20037EE-0DE5-4BFE-B7D5-280A5AA728CA}.Release|Any CPU.ActiveCfg = Release|Any CPU
		{A20037EE-0DE5-4BFE-B7D5-280A5AA728CA}.Release|Any CPU.Build.0 = Release|Any CPU
	EndGlobalSection
	GlobalSection(SolutionProperties) = preSolution
		HideSolutionNode = FALSE
	EndGlobalSection
	GlobalSection(ExtensibilityGlobals) = postSolution
		SolutionGuid = {A94E9B12-779A-4A81-9054-FC208703E198}
	EndGlobalSection
EndGlobal
